
Microsoft Visual Studio Solution File, Format Version 12.00
# Visual Studio 15
VisualStudioVersion = 15.0.28307.168
MinimumVisualStudioVersion = 10.0.40219.1
Project("{FAE04EC0-301F-11D3-BF4B-00C04F79EFBC}") = "SimpleCrawler", "SimpleCrawler\SimpleCrawler.csproj", "{21141AE9-D658-4D61-A333-8068B2891B01}"
EndProject
Project("{FAE04EC0-301F-11D3-BF4B-00C04F79EFBC}") = "SimpleCrawlerTests", "SimpleCrawlerTests\SimpleCrawlerTests.csproj", "{455FBA7B-F43E-4EB6-825F-99ABDD779BFF}"
EndProject
Global
	GlobalSection(SolutionConfigurationPlatforms) = preSolution
		Debug|Any CPU = Debug|Any CPU
		Release|Any CPU = Release|Any CPU
	EndGlobalSection
	GlobalSection(ProjectConfigurationPlatforms) = postSolution
		{21141AE9-D658-4D61-A333-8068B2891B01}.Debug|Any CPU.ActiveCfg = Debug|Any CPU
		{21141AE9-D658-4D61-A333-8068B2891B01}.Debug|Any CPU.Build.0 = Debug|Any CPU
		{21141AE9-D658-4D61-A333-8068B2891B01}.Release|Any CPU.ActiveCfg = Release|Any CPU
		{21141AE9-D658-4D61-A333-8068B2891B01}.Release|Any CPU.Build.0 = Release|Any CPU
		{455FBA7B-F43E-4EB6-825F-99ABDD779BFF}.Debug|Any CPU.ActiveCfg = Debug|Any CPU
		{455FBA7B-F43E-4EB6-825F-99ABDD779BFF}.Debug|Any CPU.Build.0 = Debug|Any CPU
		{455FBA7B-F43E-4EB6-825F-99ABDD779BFF}.Release|Any CPU.ActiveCfg = Release|Any CPU
		{455FBA7B-F43E-4EB6-825F-99ABDD779BFF}.Release|Any CPU.Build.0 = Release|Any CPU
	EndGlobalSection
	GlobalSection(SolutionProperties) = preSolution
		HideSolutionNode = FALSE
	EndGlobalSection
	GlobalSection(ExtensibilityGlobals) = postSolution
		SolutionGuid = {8BB47C97-8A0F-4A24-A5A6-287F7C7AF68D}
	EndGlobalSection
EndGlobal
